
Microsoft Visual Studio Solution File, Format Version 12.00
# Visual Studio 15
VisualStudioVersion = 15.0.27703.2035
MinimumVisualStudioVersion = 10.0.40219.1
Project("{FAE04EC0-301F-11D3-BF4B-00C04F79EFBC}") = "LongestPathInMatrix", "LongestPathInMatrix\LongestPathInMatrix.csproj", "{35871645-DE42-4E54-8C72-1792DCF8C256}"
EndProject
Global
	GlobalSection(SolutionConfigurationPlatforms) = preSolution
		Debug|Any CPU = Debug|Any CPU
		Release|Any CPU = Release|Any CPU
	EndGlobalSection
	GlobalSection(ProjectConfigurationPlatforms) = postSolution
		{35871645-DE42-4E54-8C72-1792DCF8C256}.Debug|Any CPU.ActiveCfg = Debug|Any CPU
		{35871645-DE42-4E54-8C72-1792DCF8C256}.Debug|Any CPU.Build.0 = Debug|Any CPU
		{35871645-DE42-4E54-8C72-1792DCF8C256}.Release|Any CPU.ActiveCfg = Release|Any CPU
		{35871645-DE42-4E54-8C72-1792DCF8C256}.Release|Any CPU.Build.0 = Release|Any CPU
	EndGlobalSection
	GlobalSection(SolutionProperties) = preSolution
		HideSolutionNode = FALSE
	EndGlobalSection
	GlobalSection(ExtensibilityGlobals) = postSolution
		SolutionGuid = {6F2E698C-6AFD-4D7E-A41F-CFDCAAD0E3DE}
	EndGlobalSection
EndGlobal
